
Microsoft Visual Studio Solution File, Format Version 12.00
# Visual Studio 2012
Project("{2150E333-8FDC-42A3-9474-1A3956D46DE8}") = "Service", "Service", "{493C1CDC-405B-44C1-9550-5D13607002FB}"
EndProject
Project("{FAE04EC0-301F-11D3-BF4B-00C04F79EFBC}") = "Chat", "Service\Chat\Chat.csproj", "{15B3E0D2-6217-493A-A690-158C497F5318}"
EndProject
Project("{FAE04EC0-301F-11D3-BF4B-00C04F79EFBC}") = "Contracts", "Contracts\Contracts.csproj", "{F681AF62-1FF7-488D-93FC-77795F134A5F}"
EndProject
Project("{2150E333-8FDC-42A3-9474-1A3956D46DE8}") = "Client", "Client", "{4E3CB36E-88AC-479A-BEC1-288A86FDE9E2}"
EndProject
Project("{FAE04EC0-301F-11D3-BF4B-00C04F79EFBC}") = "Windows8Client", "Client\Windows8Client\Windows8Client.csproj", "{C80A1A7F-E17E-41B2-A213-7F80A1929025}"
	ProjectSection(ProjectDependencies) = postProject
		{DCBD4CF2-773B-4910-94B3-09BA277F4259} = {DCBD4CF2-773B-4910-94B3-09BA277F4259}
	EndProjectSection
EndProject
Project("{FAE04EC0-301F-11D3-BF4B-00C04F79EFBC}") = "Host", "Service\Host\Host.csproj", "{DCBD4CF2-773B-4910-94B3-09BA277F4259}"
EndProject
Project("{FAE04EC0-301F-11D3-BF4B-00C04F79EFBC}") = "WpfClient", "Client\WpfClient\WpfClient.csproj", "{E0766966-5081-487F-9420-5926A03D0092}"
	ProjectSection(ProjectDependencies) = postProject
		{DCBD4CF2-773B-4910-94B3-09BA277F4259} = {DCBD4CF2-773B-4910-94B3-09BA277F4259}
	EndProjectSection
EndProject
Project("{FAE04EC0-301F-11D3-BF4B-00C04F79EFBC}") = "WebClient", "Client\WebClient\WebClient.csproj", "{C578800D-FD41-4715-AE75-95C5CEC9BFBB}"
EndProject
Global
	GlobalSection(SolutionConfigurationPlatforms) = preSolution
		Debug|Any CPU = Debug|Any CPU
		Debug|ARM = Debug|ARM
		Debug|x64 = Debug|x64
		Debug|x86 = Debug|x86
		Release|Any CPU = Release|Any CPU
		Release|ARM = Release|ARM
		Release|x64 = Release|x64
		Release|x86 = Release|x86
	EndGlobalSection
	GlobalSection(ProjectConfigurationPlatforms) = postSolution
		{15B3E0D2-6217-493A-A690-158C497F5318}.Debug|Any CPU.ActiveCfg = Debug|Any CPU
		{15B3E0D2-6217-493A-A690-158C497F5318}.Debug|Any CPU.Build.0 = Debug|Any CPU
		{15B3E0D2-6217-493A-A690-158C497F5318}.Debug|ARM.ActiveCfg = Debug|Any CPU
		{15B3E0D2-6217-493A-A690-158C497F5318}.Debug|x64.ActiveCfg = Debug|Any CPU
		{15B3E0D2-6217-493A-A690-158C497F5318}.Debug|x86.ActiveCfg = Debug|Any CPU
		{15B3E0D2-6217-493A-A690-158C497F5318}.Release|Any CPU.ActiveCfg = Release|Any CPU
		{15B3E0D2-6217-493A-A690-158C497F5318}.Release|Any CPU.Build.0 = Release|Any CPU
		{15B3E0D2-6217-493A-A690-158C497F5318}.Release|ARM.ActiveCfg = Release|Any CPU
		{15B3E0D2-6217-493A-A690-158C497F5318}.Release|x64.ActiveCfg = Release|Any CPU
		{15B3E0D2-6217-493A-A690-158C497F5318}.Release|x86.ActiveCfg = Release|Any CPU
		{F681AF62-1FF7-488D-93FC-77795F134A5F}.Debug|Any CPU.ActiveCfg = Debug|Any CPU
		{F681AF62-1FF7-488D-93FC-77795F134A5F}.Debug|Any CPU.Build.0 = Debug|Any CPU
		{F681AF62-1FF7-488D-93FC-77795F134A5F}.Debug|ARM.ActiveCfg = Debug|Any CPU
		{F681AF62-1FF7-488D-93FC-77795F134A5F}.Debug|x64.ActiveCfg = Debug|Any CPU
		{F681AF62-1FF7-488D-93FC-77795F134A5F}.Debug|x86.ActiveCfg = Debug|Any CPU
		{F681AF62-1FF7-488D-93FC-77795F134A5F}.Release|Any CPU.ActiveCfg = Release|Any CPU
		{F681AF62-1FF7-488D-93FC-77795F134A5F}.Release|Any CPU.Build.0 = Release|Any CPU
		{F681AF62-1FF7-488D-93FC-77795F134A5F}.Release|ARM.ActiveCfg = Release|Any CPU
		{F681AF62-1FF7-488D-93FC-77795F134A5F}.Release|x64.ActiveCfg = Release|Any CPU
		{F681AF62-1FF7-488D-93FC-77795F134A5F}.Release|x86.ActiveCfg = Release|Any CPU
		{C80A1A7F-E17E-41B2-A213-7F80A1929025}.Debug|Any CPU.ActiveCfg = Debug|Any CPU
		{C80A1A7F-E17E-41B2-A213-7F80A1929025}.Debug|Any CPU.Build.0 = Debug|Any CPU
		{C80A1A7F-E17E-41B2-A213-7F80A1929025}.Debug|Any CPU.Deploy.0 = Debug|Any CPU
		{C80A1A7F-E17E-41B2-A213-7F80A1929025}.Debug|ARM.ActiveCfg = Debug|ARM
		{C80A1A7F-E17E-41B2-A213-7F80A1929025}.Debug|ARM.Build.0 = Debug|ARM
		{C80A1A7F-E17E-41B2-A213-7F80A1929025}.Debug|ARM.Deploy.0 = Debug|ARM
		{C80A1A7F-E17E-41B2-A213-7F80A1929025}.Debug|x64.ActiveCfg = Debug|x64
		{C80A1A7F-E17E-41B2-A213-7F80A1929025}.Debug|x64.Build.0 = Debug|x64
		{C80A1A7F-E17E-41B2-A213-7F80A1929025}.Debug|x64.Deploy.0 = Debug|x64
		{C80A1A7F-E17E-41B2-A213-7F80A1929025}.Debug|x86.ActiveCfg = Debug|x86
		{C80A1A7F-E17E-41B2-A213-7F80A1929025}.Debug|x86.Build.0 = Debug|x86
		{C80A1A7F-E17E-41B2-A213-7F80A1929025}.Debug|x86.Deploy.0 = Debug|x86
		{C80A1A7F-E17E-41B2-A213-7F80A1929025}.Release|Any CPU.ActiveCfg = Release|Any CPU
		{C80A1A7F-E17E-41B2-A213-7F80A1929025}.Release|Any CPU.Build.0 = Release|Any CPU
		{C80A1A7F-E17E-41B2-A213-7F80A1929025}.Release|Any CPU.Deploy.0 = Release|Any CPU
		{C80A1A7F-E17E-41B2-A213-7F80A1929025}.Release|ARM.ActiveCfg = Release|ARM
		{C80A1A7F-E17E-41B2-A213-7F80A1929025}.Release|ARM.Build.0 = Release|ARM
		{C80A1A7F-E17E-41B2-A213-7F80A1929025}.Release|ARM.Deploy.0 = Release|ARM
		{C80A1A7F-E17E-41B2-A213-7F80A1929025}.Release|x64.ActiveCfg = Release|x64
		{C80A1A7F-E17E-41B2-A213-7F80A1929025}.Release|x64.Build.0 = Release|x64
		{C80A1A7F-E17E-41B2-A213-7F80A1929025}.Release|x64.Deploy.0 = Release|x64
		{C80A1A7F-E17E-41B2-A213-7F80A1929025}.Release|x86.ActiveCfg = Release|x86
		{C80A1A7F-E17E-41B2-A213-7F80A1929025}.Release|x86.Build.0 = Release|x86
		{C80A1A7F-E17E-41B2-A213-7F80A1929025}.Release|x86.Deploy.0 = Release|x86
		{DCBD4CF2-773B-4910-94B3-09BA277F4259}.Debug|Any CPU.ActiveCfg = Debug|Any CPU
		{DCBD4CF2-773B-4910-94B3-09BA277F4259}.Debug|Any CPU.Build.0 = Debug|Any CPU
		{DCBD4CF2-773B-4910-94B3-09BA277F4259}.Debug|ARM.ActiveCfg = Debug|Any CPU
		{DCBD4CF2-773B-4910-94B3-09BA277F4259}.Debug|x64.ActiveCfg = Debug|Any CPU
		{DCBD4CF2-773B-4910-94B3-09BA277F4259}.Debug|x86.ActiveCfg = Debug|Any CPU
		{DCBD4CF2-773B-4910-94B3-09BA277F4259}.Release|Any CPU.ActiveCfg = Release|Any CPU
		{DCBD4CF2-773B-4910-94B3-09BA277F4259}.Release|Any CPU.Build.0 = Release|Any CPU
		{DCBD4CF2-773B-4910-94B3-09BA277F4259}.Release|ARM.ActiveCfg = Release|Any CPU
		{DCBD4CF2-773B-4910-94B3-09BA277F4259}.Release|x64.ActiveCfg = Release|Any CPU
		{DCBD4CF2-773B-4910-94B3-09BA277F4259}.Release|x86.ActiveCfg = Release|Any CPU
		{E0766966-5081-487F-9420-5926A03D0092}.Debug|Any CPU.ActiveCfg = Debug|Any CPU
		{E0766966-5081-487F-9420-5926A03D0092}.Debug|Any CPU.Build.0 = Debug|Any CPU
		{E0766966-5081-487F-9420-5926A03D0092}.Debug|ARM.ActiveCfg = Debug|Any CPU
		{E0766966-5081-487F-9420-5926A03D0092}.Debug|x64.ActiveCfg = Debug|Any CPU
		{E0766966-5081-487F-9420-5926A03D0092}.Debug|x86.ActiveCfg = Debug|Any CPU
		{E0766966-5081-487F-9420-5926A03D0092}.Release|Any CPU.ActiveCfg = Release|Any CPU
		{E0766966-5081-487F-9420-5926A03D0092}.Release|Any CPU.Build.0 = Release|Any CPU
		{E0766966-5081-487F-9420-5926A03D0092}.Release|ARM.ActiveCfg = Release|Any CPU
		{E0766966-5081-487F-9420-5926A03D0092}.Release|x64.ActiveCfg = Release|Any CPU
		{E0766966-5081-487F-9420-5926A03D0092}.Release|x86.ActiveCfg = Release|Any CPU
		{C578800D-FD41-4715-AE75-95C5CEC9BFBB}.Debug|Any CPU.ActiveCfg = Debug|Any CPU
		{C578800D-FD41-4715-AE75-95C5CEC9BFBB}.Debug|Any CPU.Build.0 = Debug|Any CPU
		{C578800D-FD41-4715-AE75-95C5CEC9BFBB}.Debug|ARM.ActiveCfg = Debug|Any CPU
		{C578800D-FD41-4715-AE75-95C5CEC9BFBB}.Debug|x64.ActiveCfg = Debug|Any CPU
		{C578800D-FD41-4715-AE75-95C5CEC9BFBB}.Debug|x86.ActiveCfg = Debug|Any CPU
		{C578800D-FD41-4715-AE75-95C5CEC9BFBB}.Release|Any CPU.ActiveCfg = Release|Any CPU
		{C578800D-FD41-4715-AE75-95C5CEC9BFBB}.Release|Any CPU.Build.0 = Release|Any CPU
		{C578800D-FD41-4715-AE75-95C5CEC9BFBB}.Release|ARM.ActiveCfg = Release|Any CPU
		{C578800D-FD41-4715-AE75-95C5CEC9BFBB}.Release|x64.ActiveCfg = Release|Any CPU
		{C578800D-FD41-4715-AE75-95C5CEC9BFBB}.Release|x86.ActiveCfg = Release|Any CPU
	EndGlobalSection
	GlobalSection(SolutionProperties) = preSolution
		HideSolutionNode = FALSE
	EndGlobalSection
	GlobalSection(NestedProjects) = preSolution
		{15B3E0D2-6217-493A-A690-158C497F5318} = {493C1CDC-405B-44C1-9550-5D13607002FB}
		{DCBD4CF2-773B-4910-94B3-09BA277F4259} = {493C1CDC-405B-44C1-9550-5D13607002FB}
		{C80A1A7F-E17E-41B2-A213-7F80A1929025} = {4E3CB36E-88AC-479A-BEC1-288A86FDE9E2}
		{E0766966-5081-487F-9420-5926A03D0092} = {4E3CB36E-88AC-479A-BEC1-288A86FDE9E2}
		{C578800D-FD41-4715-AE75-95C5CEC9BFBB} = {4E3CB36E-88AC-479A-BEC1-288A86FDE9E2}
	EndGlobalSection
EndGlobal
